Microsoft Visual Studio Solution File, Format Version 12.00
# Visual Studio Version 17
VisualStudioVersion = 17.5.2.0
MinimumVisualStudioVersion = 10.0.40219.1
Project("{2150E333-8FDC-42A3-9474-1A3956D46DE8}") = "Library", "Library", "{50A17DA1-3556-4046-CEDC-33EB466D9C32}"
EndProject
Project("{2150E333-8FDC-42A3-9474-1A3956D46DE8}") = "PackageCache", "PackageCache", "{C5C0596F-4AD5-7F56-9391-3083F761A456}"
EndProject
Project("{FAE04EC0-301F-11D3-BF4B-00C04F79EFBC}") = "Reown.Sign", "Library\PackageCache\com.reown.sign@1.4.0\Reown.Sign.csproj", "{52FE508A-799C-3C6E-1310-5DACCE38B6D4}"
EndProject
Project("{FAE04EC0-301F-11D3-BF4B-00C04F79EFBC}") = "Reown.Core.Network", "Library\PackageCache\com.reown.core.network@1.4.0\Reown.Core.Network.csproj", "{48A49E41-096A-B1EB-A989-37C1761CC56B}"
EndProject
Project("{FAE04EC0-301F-11D3-BF4B-00C04F79EFBC}") = "Reown.Core.Common", "Library\PackageCache\com.reown.core.common@1.4.0\Reown.Core.Common.csproj", "{B81B74FF-DA2D-7901-9785-CD7506E445BB}"
EndProject
Project("{FAE04EC0-301F-11D3-BF4B-00C04F79EFBC}") = "Reown.Core.Crypto", "Library\PackageCache\com.reown.core.crypto@1.4.0\Reown.Core.Crypto.csproj", "{98420D6F-106F-DE13-F606-476FA06B2E0E}"
EndProject
Project("{FAE04EC0-301F-11D3-BF4B-00C04F79EFBC}") = "Reown.Core.Storage", "Library\PackageCache\com.reown.core.storage@1.4.0\Reown.Core.Storage.csproj", "{79D1F6EB-B414-0002-6582-E648601F44CA}"
EndProject
Project("{FAE04EC0-301F-11D3-BF4B-00C04F79EFBC}") = "Reown.Sign.Unity", "Library\PackageCache\com.reown.sign.unity@1.4.0\Reown.Sign.Unity.csproj", "{85C8ADDE-5F38-D6BE-1062-914C8C977A3D}"
EndProject
Project("{FAE04EC0-301F-11D3-BF4B-00C04F79EFBC}") = "Reown.AppKit.Unity", "Library\PackageCache\com.reown.appkit.unity@1.4.0\Reown.AppKit.Unity.csproj", "{AADABE0F-60FE-040D-7402-E9D29851C2C4}"
EndProject
Project("{FAE04EC0-301F-11D3-BF4B-00C04F79EFBC}") = "Reown.Core", "Library\PackageCache\com.reown.core@1.4.0\Reown.Core.csproj", "{79197ED5-91F8-31B7-2F92-BAC999E45C36}"
EndProject
Project("{FAE04EC0-301F-11D3-BF4B-00C04F79EFBC}") = "Reown.Sign.Nethereum", "Library\PackageCache\com.reown.sign.nethereum@1.4.0\Reown.Sign.Nethereum.csproj", "{D6361FB8-6696-22DD-982A-3EDC6C76C453}"
EndProject
Project("{FAE04EC0-301F-11D3-BF4B-00C04F79EFBC}") = "Reown.Sign.Nethereum.Unity", "Library\PackageCache\com.reown.sign.nethereum.unity@1.4.0\Reown.Sign.Nethereum.Unity.csproj", "{AE835BB2-A78B-8FAB-E0CB-681182568A55}"
EndProject
Global
	GlobalSection(SolutionConfigurationPlatforms) = preSolution
		Debug|Any CPU = Debug|Any CPU
		Release|Any CPU = Release|Any CPU
	EndGlobalSection
	GlobalSection(ProjectConfigurationPlatforms) = postSolution
		{52FE508A-799C-3C6E-1310-5DACCE38B6D4}.Debug|Any CPU.ActiveCfg = Debug|Any CPU
		{52FE508A-799C-3C6E-1310-5DACCE38B6D4}.Debug|Any CPU.Build.0 = Debug|Any CPU
		{52FE508A-799C-3C6E-1310-5DACCE38B6D4}.Release|Any CPU.ActiveCfg = Release|Any CPU
		{52FE508A-799C-3C6E-1310-5DACCE38B6D4}.Release|Any CPU.Build.0 = Release|Any CPU
		{48A49E41-096A-B1EB-A989-37C1761CC56B}.Debug|Any CPU.ActiveCfg = Debug|Any CPU
		{48A49E41-096A-B1EB-A989-37C1761CC56B}.Debug|Any CPU.Build.0 = Debug|Any CPU
		{48A49E41-096A-B1EB-A989-37C1761CC56B}.Release|Any CPU.ActiveCfg = Release|Any CPU
		{48A49E41-096A-B1EB-A989-37C1761CC56B}.Release|Any CPU.Build.0 = Release|Any CPU
		{B81B74FF-DA2D-7901-9785-CD7506E445BB}.Debug|Any CPU.ActiveCfg = Debug|Any CPU
		{B81B74FF-DA2D-7901-9785-CD7506E445BB}.Debug|Any CPU.Build.0 = Debug|Any CPU
		{B81B74FF-DA2D-7901-9785-CD7506E445BB}.Release|Any CPU.ActiveCfg = Release|Any CPU
		{B81B74FF-DA2D-7901-9785-CD7506E445BB}.Release|Any CPU.Build.0 = Release|Any CPU
		{98420D6F-106F-DE13-F606-476FA06B2E0E}.Debug|Any CPU.ActiveCfg = Debug|Any CPU
		{98420D6F-106F-DE13-F606-476FA06B2E0E}.Debug|Any CPU.Build.0 = Debug|Any CPU
		{98420D6F-106F-DE13-F606-476FA06B2E0E}.Release|Any CPU.ActiveCfg = Release|Any CPU
		{98420D6F-106F-DE13-F606-476FA06B2E0E}.Release|Any CPU.Build.0 = Release|Any CPU
		{79D1F6EB-B414-0002-6582-E648601F44CA}.Debug|Any CPU.ActiveCfg = Debug|Any CPU
		{79D1F6EB-B414-0002-6582-E648601F44CA}.Debug|Any CPU.Build.0 = Debug|Any CPU
		{79D1F6EB-B414-0002-6582-E648601F44CA}.Release|Any CPU.ActiveCfg = Release|Any CPU
		{79D1F6EB-B414-0002-6582-E648601F44CA}.Release|Any CPU.Build.0 = Release|Any CPU
		{85C8ADDE-5F38-D6BE-1062-914C8C977A3D}.Debug|Any CPU.ActiveCfg = Debug|Any CPU
		{85C8ADDE-5F38-D6BE-1062-914C8C977A3D}.Debug|Any CPU.Build.0 = Debug|Any CPU
		{85C8ADDE-5F38-D6BE-1062-914C8C977A3D}.Release|Any CPU.ActiveCfg = Release|Any CPU
		{85C8ADDE-5F38-D6BE-1062-914C8C977A3D}.Release|Any CPU.Build.0 = Release|Any CPU
		{AADABE0F-60FE-040D-7402-E9D29851C2C4}.Debug|Any CPU.ActiveCfg = Debug|Any CPU
		{AADABE0F-60FE-040D-7402-E9D29851C2C4}.Debug|Any CPU.Build.0 = Debug|Any CPU
		{AADABE0F-60FE-040D-7402-E9D29851C2C4}.Release|Any CPU.ActiveCfg = Release|Any CPU
		{AADABE0F-60FE-040D-7402-E9D29851C2C4}.Release|Any CPU.Build.0 = Release|Any CPU
		{79197ED5-91F8-31B7-2F92-BAC999E45C36}.Debug|Any CPU.ActiveCfg = Debug|Any CPU
		{79197ED5-91F8-31B7-2F92-BAC999E45C36}.Debug|Any CPU.Build.0 = Debug|Any CPU
		{79197ED5-91F8-31B7-2F92-BAC999E45C36}.Release|Any CPU.ActiveCfg = Release|Any CPU
		{79197ED5-91F8-31B7-2F92-BAC999E45C36}.Release|Any CPU.Build.0 = Release|Any CPU
		{D6361FB8-6696-22DD-982A-3EDC6C76C453}.Debug|Any CPU.ActiveCfg = Debug|Any CPU
		{D6361FB8-6696-22DD-982A-3EDC6C76C453}.Debug|Any CPU.Build.0 = Debug|Any CPU
		{D6361FB8-6696-22DD-982A-3EDC6C76C453}.Release|Any CPU.ActiveCfg = Release|Any CPU
		{D6361FB8-6696-22DD-982A-3EDC6C76C453}.Release|Any CPU.Build.0 = Release|Any CPU
		{AE835BB2-A78B-8FAB-E0CB-681182568A55}.Debug|Any CPU.ActiveCfg = Debug|Any CPU
		{AE835BB2-A78B-8FAB-E0CB-681182568A55}.Debug|Any CPU.Build.0 = Debug|Any CPU
		{AE835BB2-A78B-8FAB-E0CB-681182568A55}.Release|Any CPU.ActiveCfg = Release|Any CPU
		{AE835BB2-A78B-8FAB-E0CB-681182568A55}.Release|Any CPU.Build.0 = Release|Any CPU
	EndGlobalSection
	GlobalSection(SolutionProperties) = preSolution
		HideSolutionNode = FALSE
	EndGlobalSection
	GlobalSection(NestedProjects) = preSolution
		{C5C0596F-4AD5-7F56-9391-3083F761A456} = {50A17DA1-3556-4046-CEDC-33EB466D9C32}
		{52FE508A-799C-3C6E-1310-5DACCE38B6D4} = {C5C0596F-4AD5-7F56-9391-3083F761A456}
		{48A49E41-096A-B1EB-A989-37C1761CC56B} = {C5C0596F-4AD5-7F56-9391-3083F761A456}
		{B81B74FF-DA2D-7901-9785-CD7506E445BB} = {C5C0596F-4AD5-7F56-9391-3083F761A456}
		{98420D6F-106F-DE13-F606-476FA06B2E0E} = {C5C0596F-4AD5-7F56-9391-3083F761A456}
		{79D1F6EB-B414-0002-6582-E648601F44CA} = {C5C0596F-4AD5-7F56-9391-3083F761A456}
		{85C8ADDE-5F38-D6BE-1062-914C8C977A3D} = {C5C0596F-4AD5-7F56-9391-3083F761A456}
		{AADABE0F-60FE-040D-7402-E9D29851C2C4} = {C5C0596F-4AD5-7F56-9391-3083F761A456}
		{79197ED5-91F8-31B7-2F92-BAC999E45C36} = {C5C0596F-4AD5-7F56-9391-3083F761A456}
		{D6361FB8-6696-22DD-982A-3EDC6C76C453} = {C5C0596F-4AD5-7F56-9391-3083F761A456}
		{AE835BB2-A78B-8FAB-E0CB-681182568A55} = {C5C0596F-4AD5-7F56-9391-3083F761A456}
	EndGlobalSection
	GlobalSection(ExtensibilityGlobals) = postSolution
		SolutionGuid = {1993B284-D28F-45BA-9E05-75655BFBA368}
	EndGlobalSection
EndGlobal
